# This file is autogenerated, do not edit; changes may be undone by the next 'dep ensure'.


[[projects]]
  name = "github.com/inconshreveable/mousetrap"
  packages = ["."]
  revision = "76626ae9c91c4f2a10f34cad8ce83ea42c93bb75"
  version = "v1.0"

[[projects]]
  name = "github.com/mattn/go-runewidth"
  packages = ["."]
  revision = "9e777a8366cce605130a531d2cd6363d07ad7317"
  version = "v0.0.2"

[[projects]]
  branch = "develop"
  name = "github.com/nmiyake/pkg"
  packages = ["dirs","errorstringer"]
  revision = "b64318170fdef93b4462420e0badef8050dbb7ec"

[[projects]]
  branch = "master"
  name = "github.com/palantir/godel"
  packages = ["framework/artifactresolver","framework/builtintasks/installupdate/layout","framework/godel","framework/godellauncher","framework/internal/legacyplugins","framework/pluginapi","framework/verifyorder","godelgetter","pkg/osarch","pkg/versionedconfig"]
  revision = "9bce7283535774180b05a94512b3808c88f24494"

[[projects]]
  branch = "master"
  name = "github.com/palantir/pkg"
  packages = ["cobracli","matcher","specdir"]
  revision = "b59de130c1302a3c591efcfb0fd575727f53d0d2"

[[projects]]
  name = "github.com/pkg/errors"
  packages = ["."]
  revision = "645ef00459ed84a119197bfb8d8205042c6df63d"
  version = "v0.8.0"

[[projects]]
  name = "github.com/spf13/cobra"
  packages = ["."]
  revision = "7b2c5ac9fc04fc5efafb60700713d4fa609b777b"
  version = "v0.0.1"

[[projects]]
  name = "github.com/spf13/pflag"
  packages = ["."]
  revision = "e57e3eeb33f795204c1ca35f56c44f83227c6e66"
  version = "v1.0.0"

[[projects]]
  branch = "master"
  name = "golang.org/x/sys"
  packages = ["unix"]
  revision = "91ee8cde435411ca3f1cd365e8f20131aed4d0a1"

[[projects]]
  name = "gopkg.in/cheggaaa/pb.v1"
  packages = ["."]
  revision = "72b964305fba1230d3d818711138195f22b9ceea"
  version = "v1.0.22"

[[projects]]
  name = "gopkg.in/yaml.v2"
  packages = ["."]
  revision = "7f97868eec74b32b0982dd158a51a446d1da7eb5"
  version = "v2.1.1"

[solve-meta]
  analyzer-name = "dep"
  analyzer-version = 1
  inputs-digest = "93f5c937c06c272101323a640bb1dd70003c21e8893c133f59b097f835d73a1b"
  solver-name = "gps-cdcl"
  solver-version = 1
