# This file is autogenerated, do not edit; changes may be undone by the next 'dep ensure'.


[[projects]]
  name = "github.com/inconshreveable/mousetrap"
  packages = ["."]
  revision = "76626ae9c91c4f2a10f34cad8ce83ea42c93bb75"
  version = "v1.0"

[[projects]]
  name = "github.com/mattn/go-runewidth"
  packages = ["."]
  revision = "9e777a8366cce605130a531d2cd6363d07ad7317"
  version = "v0.0.2"

[[projects]]
  branch = "develop"
  name = "github.com/nmiyake/pkg"
  packages = [
    "dirs",
    "errorstringer",
  ]
  revision = "b64318170fdef93b4462420e0badef8050dbb7ec"

[[projects]]
  branch = "master"
  name = "github.com/palantir/godel"
  packages = [
    "framework/artifactresolver",
    "framework/builtintasks/installupdate/layout",
    "framework/godel",
    "framework/godellauncher",
    "framework/pluginapi",
    "framework/pluginapi/v2/pluginapi",
    "framework/verifyorder",
    "godelgetter",
    "pkg/osarch",
  ]
  revision = "85235ee4112d52cba80bc57a53f62976ce936cc5"

[[projects]]
  branch = "master"
  name = "github.com/palantir/pkg"
  packages = [
    "cobracli",
    "matcher",
    "specdir",
  ]
  revision = "23395ebeee5df1083443a6261e5f674a76af91b6"

[[projects]]
  name = "github.com/pkg/errors"
  packages = ["."]
  revision = "645ef00459ed84a119197bfb8d8205042c6df63d"
  version = "v0.8.0"

[[projects]]
  name = "github.com/spf13/cobra"
  packages = ["."]
  revision = "a1f051bc3eba734da4772d60e2d677f47cf93ef4"
  version = "v0.0.2"

[[projects]]
  name = "github.com/spf13/pflag"
  packages = ["."]
  revision = "e57e3eeb33f795204c1ca35f56c44f83227c6e66"
  version = "v1.0.0"

[[projects]]
  branch = "master"
  name = "golang.org/x/sys"
  packages = ["unix"]
  revision = "91ee8cde435411ca3f1cd365e8f20131aed4d0a1"

[[projects]]
  name = "gopkg.in/cheggaaa/pb.v1"
  packages = ["."]
  revision = "72b964305fba1230d3d818711138195f22b9ceea"
  version = "v1.0.22"

[solve-meta]
  analyzer-name = "dep"
  analyzer-version = 1
  inputs-digest = "07dc6f63afa58f2c78ac07f45c29b2ec4de7b9c2453b931774ed8a3296950f91"
  solver-name = "gps-cdcl"
  solver-version = 1
